// !$*UTF8*$!
{
	archiveVersion = 1;
	classes = {
	};
	objectVersion = 46;
	objects = {

/* Begin PBXBuildFile section */
		453ACD321C3846420077C60C /* Thread.swift in Sources */ = {isa = PBXBuildFile; fileRef = 453ACD311C3846420077C60C /* Thread.swift */; };
		453ACD341C38465F0077C60C /* RedditController.swift in Sources */ = {isa = PBXBuildFile; fileRef = 453ACD331C38465F0077C60C /* RedditController.swift */; };
		453ACD381C3847700077C60C /* Alamofire.framework in Frameworks */ = {isa = PBXBuildFile; fileRef = 453ACD351C38475B0077C60C /* Alamofire.framework */; };
		453ACD3B1C3850180077C60C /* ThreadTableViewCell.swift in Sources */ = {isa = PBXBuildFile; fileRef = 453ACD3A1C3850180077C60C /* ThreadTableViewCell.swift */; };
		453ACD3D1C385A430077C60C /* ThreadType.swift in Sources */ = {isa = PBXBuildFile; fileRef = 453ACD3C1C385A430077C60C /* ThreadType.swift */; };
		453ACD3F1C385B1F0077C60C /* RedditTableViewController.swift in Sources */ = {isa = PBXBuildFile; fileRef = 453ACD3E1C385B1F0077C60C /* RedditTableViewController.swift */; };
		4564A0501C37EA5100A7CEE9 /* GTTableView.framework in Frameworks */ = {isa = PBXBuildFile; fileRef = 4564A04A1C37EA0A00A7CEE9 /* GTTableView.framework */; };
		4564A0511C37EA5100A7CEE9 /* GTTableView.framework in Embed Frameworks */ = {isa = PBXBuildFile; fileRef = 4564A04A1C37EA0A00A7CEE9 /* GTTableView.framework */; settings = {ATTRIBUTES = (CodeSignOnCopy, RemoveHeadersOnCopy, ); }; };
		45DF0E311C37E94B002FB32A /* AppDelegate.swift in Sources */ = {isa = PBXBuildFile; fileRef = 45DF0E291C37E94B002FB32A /* AppDelegate.swift */; };
		45DF0E321C37E94B002FB32A /* Assets.xcassets in Resources */ = {isa = PBXBuildFile; fileRef = 45DF0E2A1C37E94B002FB32A /* Assets.xcassets */; };
		45DF0E331C37E94B002FB32A /* LaunchScreen.storyboard in Resources */ = {isa = PBXBuildFile; fileRef = 45DF0E2B1C37E94B002FB32A /* LaunchScreen.storyboard */; };
		45DF0E341C37E94B002FB32A /* Main.storyboard in Resources */ = {isa = PBXBuildFile; fileRef = 45DF0E2D1C37E94B002FB32A /* Main.storyboard */; };
		45DF0E361C37E94B002FB32A /* ViewController.swift in Sources */ = {isa = PBXBuildFile; fileRef = 45DF0E301C37E94B002FB32A /* ViewController.swift */; };
/* End PBXBuildFile section */

/* Begin PBXContainerItemProxy section */
		4564A0491C37EA0A00A7CEE9 /* PBXContainerItemProxy */ = {
			isa = PBXContainerItemProxy;
			containerPortal = 4564A0451C37EA0A00A7CEE9 /* GTTableView.xcodeproj */;
			proxyType = 2;
			remoteGlobalIDString = 45F103661C37E87A005E0F10;
			remoteInfo = GTTableView;
		};
		4564A0521C37EA5100A7CEE9 /* PBXContainerItemProxy */ = {
			isa = PBXContainerItemProxy;
			containerPortal = 4564A0451C37EA0A00A7CEE9 /* GTTableView.xcodeproj */;
			proxyType = 1;
			remoteGlobalIDString = 45F103651C37E87A005E0F10;
			remoteInfo = GTTableView;
		};
/* End PBXContainerItemProxy section */

/* Begin PBXCopyFilesBuildPhase section */
		4564A0541C37EA5100A7CEE9 /* Embed Frameworks */ = {
			isa = PBXCopyFilesBuildPhase;
			buildActionMask = 2147483647;
			dstPath = "";
			dstSubfolderSpec = 10;
			files = (
				4564A0511C37EA5100A7CEE9 /* GTTableView.framework in Embed Frameworks */,
			);
			name = "Embed Frameworks";
			runOnlyForDeploymentPostprocessing = 0;
		};
/* End PBXCopyFilesBuildPhase section */

/* Begin PBXFileReference section */
		453ACD311C3846420077C60C /* Thread.swift */ = {isa = PBXFileReference; fileEncoding = 4; lastKnownFileType = sourcecode.swift; path = Thread.swift; sourceTree = "<group>"; };
		453ACD331C38465F0077C60C /* RedditController.swift */ = {isa = PBXFileReference; fileEncoding = 4; lastKnownFileType = sourcecode.swift; path = RedditController.swift; sourceTree = "<group>"; };
		453ACD351C38475B0077C60C /* Alamofire.framework */ = {isa = PBXFileReference; lastKnownFileType = wrapper.framework; name = Alamofire.framework; path = Carthage/Build/iOS/Alamofire.framework; sourceTree = "<group>"; };
		453ACD3A1C3850180077C60C /* ThreadTableViewCell.swift */ = {isa = PBXFileReference; fileEncoding = 4; lastKnownFileType = sourcecode.swift; path = ThreadTableViewCell.swift; sourceTree = "<group>"; };
		453ACD3C1C385A430077C60C /* ThreadType.swift */ = {isa = PBXFileReference; fileEncoding = 4; lastKnownFileType = sourcecode.swift; path = ThreadType.swift; sourceTree = "<group>"; };
		453ACD3E1C385B1F0077C60C /* RedditTableViewController.swift */ = {isa = PBXFileReference; fileEncoding = 4; lastKnownFileType = sourcecode.swift; path = RedditTableViewController.swift; sourceTree = "<group>"; };
		4564A0451C37EA0A00A7CEE9 /* GTTableView.xcodeproj */ = {isa = PBXFileReference; lastKnownFileType = "wrapper.pb-project"; path = GTTableView.xcodeproj; sourceTree = "<group>"; };
		45DF0E291C37E94B002FB32A /* AppDelegate.swift */ = {isa = PBXFileReference; fileEncoding = 4; lastKnownFileType = sourcecode.swift; path = AppDelegate.swift; sourceTree = "<group>"; };
		45DF0E2A1C37E94B002FB32A /* Assets.xcassets */ = {isa = PBXFileReference; lastKnownFileType = folder.assetcatalog; path = Assets.xcassets; sourceTree = "<group>"; };
		45DF0E2C1C37E94B002FB32A /* Base */ = {isa = PBXFileReference; lastKnownFileType = file.storyboard; name = Base; path = Base.lproj/LaunchScreen.storyboard; sourceTree = "<group>"; };
		45DF0E2E1C37E94B002FB32A /* Base */ = {isa = PBXFileReference; lastKnownFileType = file.storyboard; name = Base; path = Base.lproj/Main.storyboard; sourceTree = "<group>"; };
		45DF0E2F1C37E94B002FB32A /* Info.plist */ = {isa = PBXFileReference; fileEncoding = 4; lastKnownFileType = text.plist.xml; path = Info.plist; sourceTree = "<group>"; };
		45DF0E301C37E94B002FB32A /* ViewController.swift */ = {isa = PBXFileReference; fileEncoding = 4; lastKnownFileType = sourcecode.swift; path = ViewController.swift; sourceTree = "<group>"; };
		45F1037A1C37E8AF005E0F10 /* GTTableViewExample.app */ = {isa = PBXFileReference; explicitFileType = wrapper.application; includeInIndex = 0; path = GTTableViewExample.app; sourceTree = BUILT_PRODUCTS_DIR; };
/* End PBXFileReference section */

/* Begin PBXFrameworksBuildPhase section */
		45F103771C37E8AF005E0F10 /* Frameworks */ = {
			isa = PBXFrameworksBuildPhase;
			buildActionMask = 2147483647;
			files = (
				4564A0501C37EA5100A7CEE9 /* GTTableView.framework in Frameworks */,
				453ACD381C3847700077C60C /* Alamofire.framework in Frameworks */,
			);
			runOnlyForDeploymentPostprocessing = 0;
		};
/* End PBXFrameworksBuildPhase section */

/* Begin PBXGroup section */
		453ACD301C3846300077C60C /* Reddit */ = {
			isa = PBXGroup;
			children = (
				453ACD3E1C385B1F0077C60C /* RedditTableViewController.swift */,
				453ACD311C3846420077C60C /* Thread.swift */,
				453ACD331C38465F0077C60C /* RedditController.swift */,
				453ACD3A1C3850180077C60C /* ThreadTableViewCell.swift */,
				453ACD3C1C385A430077C60C /* ThreadType.swift */,
			);
			path = Reddit;
			sourceTree = "<group>";
		};
		4564A0461C37EA0A00A7CEE9 /* Products */ = {
			isa = PBXGroup;
			children = (
				4564A04A1C37EA0A00A7CEE9 /* GTTableView.framework */,
			);
			name = Products;
			sourceTree = "<group>";
		};
		45DF0E281C37E94B002FB32A /* Example */ = {
			isa = PBXGroup;
			children = (
				453ACD301C3846300077C60C /* Reddit */,
				45DF0E291C37E94B002FB32A /* AppDelegate.swift */,
				45DF0E2A1C37E94B002FB32A /* Assets.xcassets */,
				45DF0E2B1C37E94B002FB32A /* LaunchScreen.storyboard */,
				45DF0E2D1C37E94B002FB32A /* Main.storyboard */,
				45DF0E2F1C37E94B002FB32A /* Info.plist */,
				45DF0E301C37E94B002FB32A /* ViewController.swift */,
			);
			path = Example;
			sourceTree = "<group>";
		};
		45F103711C37E8AF005E0F10 = {
			isa = PBXGroup;
			children = (
				453ACD351C38475B0077C60C /* Alamofire.framework */,
				4564A0451C37EA0A00A7CEE9 /* GTTableView.xcodeproj */,
				45DF0E281C37E94B002FB32A /* Example */,
				45F1037B1C37E8AF005E0F10 /* Products */,
			);
			sourceTree = "<group>";
		};
		45F1037B1C37E8AF005E0F10 /* Products */ = {
			isa = PBXGroup;
			children = (
				45F1037A1C37E8AF005E0F10 /* GTTableViewExample.app */,
			);
			name = Products;
			sourceTree = "<group>";
		};
/* End PBXGroup section */

/* Begin PBXNativeTarget section */
		45F103791C37E8AF005E0F10 /* GTTableViewExample */ = {
			isa = PBXNativeTarget;
			buildConfigurationList = 45F1038C1C37E8B0005E0F10 /* Build configuration list for PBXNativeTarget "GTTableViewExample" */;
			buildPhases = (
				45F103761C37E8AF005E0F10 /* Sources */,
				45F103771C37E8AF005E0F10 /* Frameworks */,
				45F103781C37E8AF005E0F10 /* Resources */,
				4564A0541C37EA5100A7CEE9 /* Embed Frameworks */,
				453ACD391C38477C0077C60C /* ShellScript */,
			);
			buildRules = (
			);
			dependencies = (
				4564A0531C37EA5100A7CEE9 /* PBXTargetDependency */,
			);
			name = GTTableViewExample;
			productName = GTTableViewExample;
			productReference = 45F1037A1C37E8AF005E0F10 /* GTTableViewExample.app */;
			productType = "com.apple.product-type.application";
		};
/* End PBXNativeTarget section */

/* Begin PBXProject section */
		45F103721C37E8AF005E0F10 /* Project object */ = {
			isa = PBXProject;
			attributes = {
				LastSwiftUpdateCheck = 0720;
				LastUpgradeCheck = 0720;
				ORGANIZATIONNAME = "Giorgos Tsiapaliokas";
				TargetAttributes = {
					45F103791C37E8AF005E0F10 = {
						CreatedOnToolsVersion = 7.2;
					};
				};
			};
			buildConfigurationList = 45F103751C37E8AF005E0F10 /* Build configuration list for PBXProject "GTTableViewExample" */;
			compatibilityVersion = "Xcode 3.2";
			developmentRegion = English;
			hasScannedForEncodings = 0;
			knownRegions = (
				en,
				Base,
			);
			mainGroup = 45F103711C37E8AF005E0F10;
			productRefGroup = 45F1037B1C37E8AF005E0F10 /* Products */;
			projectDirPath = "";
			projectReferences = (
				{
					ProductGroup = 4564A0461C37EA0A00A7CEE9 /* Products */;
					ProjectRef = 4564A0451C37EA0A00A7CEE9 /* GTTableView.xcodeproj */;
				},
			);
			projectRoot = "";
			targets = (
				45F103791C37E8AF005E0F10 /* GTTableViewExample */,
			);
		};
/* End PBXProject section */

/* Begin PBXReferenceProxy section */
		4564A04A1C37EA0A00A7CEE9 /* GTTableView.framework */ = {
			isa = PBXReferenceProxy;
			fileType = wrapper.framework;
			path = GTTableView.framework;
			remoteRef = 4564A0491C37EA0A00A7CEE9 /* PBXContainerItemProxy */;
			sourceTree = BUILT_PRODUCTS_DIR;
		};
/* End PBXReferenceProxy section */

/* Begin PBXResourcesBuildPhase section */
		45F103781C37E8AF005E0F10 /* Resources */ = {
			isa = PBXResourcesBuildPhase;
			buildActionMask = 2147483647;
			files = (
				45DF0E341C37E94B002FB32A /* Main.storyboard in Resources */,
				45DF0E321C37E94B002FB32A /* Assets.xcassets in Resources */,
				45DF0E331C37E94B002FB32A /* LaunchScreen.storyboard in Resources */,
			);
			runOnlyForDeploymentPostprocessing = 0;
		};
/* End PBXResourcesBuildPhase section */

/* Begin PBXShellScriptBuildPhase section */
		453ACD391C38477C0077C60C /* ShellScript */ = {
			isa = PBXShellScriptBuildPhase;
			buildActionMask = 2147483647;
			files = (
			);
			inputPaths = (
				"$(SRCROOT)/Carthage/Build/iOS/Alamofire.framework",
			);
			outputPaths = (
			);
			runOnlyForDeploymentPostprocessing = 0;
			shellPath = /bin/sh;
			shellScript = "/usr/local/bin/carthage copy-frameworks";
		};
/* End PBXShellScriptBuildPhase section */

/* Begin PBXSourcesBuildPhase section */
		45F103761C37E8AF005E0F10 /* Sources */ = {
			isa = PBXSourcesBuildPhase;
			buildActionMask = 2147483647;
			files = (
				45DF0E361C37E94B002FB32A /* ViewController.swift in Sources */,
				453ACD3F1C385B1F0077C60C /* RedditTableViewController.swift in Sources */,
				45DF0E311C37E94B002FB32A /* AppDelegate.swift in Sources */,
				453ACD341C38465F0077C60C /* RedditController.swift in Sources */,
				453ACD3D1C385A430077C60C /* ThreadType.swift in Sources */,
				453ACD321C3846420077C60C /* Thread.swift in Sources */,
				453ACD3B1C3850180077C60C /* ThreadTableViewCell.swift in Sources */,
			);
			runOnlyForDeploymentPostprocessing = 0;
		};
/* End PBXSourcesBuildPhase section */

/* Begin PBXTargetDependency section */
		4564A0531C37EA5100A7CEE9 /* PBXTargetDependency */ = {
			isa = PBXTargetDependency;
			name = GTTableView;
			targetProxy = 4564A0521C37EA5100A7CEE9 /* PBXContainerItemProxy */;
		};
/* End PBXTargetDependency section */

/* Begin PBXVariantGroup section */
		45DF0E2B1C37E94B002FB32A /* LaunchScreen.storyboard */ = {
			isa = PBXVariantGroup;
			children = (
				45DF0E2C1C37E94B002FB32A /* Base */,
			);
			name = LaunchScreen.storyboard;
			sourceTree = "<group>";
		};
		45DF0E2D1C37E94B002FB32A /* Main.storyboard */ = {
			isa = PBXVariantGroup;
			children = (
				45DF0E2E1C37E94B002FB32A /* Base */,
			);
			name = Main.storyboard;
			sourceTree = "<group>";
		};
/* End PBXVariantGroup section */

/* Begin XCBuildConfiguration section */
		45F1038A1C37E8B0005E0F10 /* Debug */ = {
			isa = XCBuildConfiguration;
			buildSettings = {
				ALWAYS_SEARCH_USER_PATHS = NO;
				CLANG_CXX_LANGUAGE_STANDARD = "gnu++0x";
				CLANG_CXX_LIBRARY = "libc++";
				CLANG_ENABLE_MODULES = YES;
				CLANG_ENABLE_OBJC_ARC = YES;
				CLANG_WARN_BOOL_CONVERSION = YES;
				CLANG_WARN_CONSTANT_CONVERSION = YES;
				CLANG_WARN_DIRECT_OBJC_ISA_USAGE = YES_ERROR;
				CLANG_WARN_EMPTY_BODY = YES;
				CLANG_WARN_ENUM_CONVERSION = YES;
				CLANG_WARN_INT_CONVERSION = YES;
				CLANG_WARN_OBJC_ROOT_CLASS = YES_ERROR;
				CLANG_WARN_UNREACHABLE_CODE = YES;
				CLANG_WARN__DUPLICATE_METHOD_MATCH = YES;
				"CODE_SIGN_IDENTITY[sdk=iphoneos*]" = "iPhone Developer";
				COPY_PHASE_STRIP = NO;
				DEBUG_INFORMATION_FORMAT = dwarf;
				ENABLE_STRICT_OBJC_MSGSEND = YES;
				ENABLE_TESTABILITY = YES;
				GCC_C_LANGUAGE_STANDARD = gnu99;
				GCC_DYNAMIC_NO_PIC = NO;
				GCC_NO_COMMON_BLOCKS = YES;
				GCC_OPTIMIZATION_LEVEL = 0;
				GCC_PREPROCESSOR_DEFINITIONS = (
					"DEBUG=1",
					"$(inherited)",
				);
				GCC_WARN_64_TO_32_BIT_CONVERSION = YES;
				GCC_WARN_ABOUT_RETURN_TYPE = YES_ERROR;
				GCC_WARN_UNDECLARED_SELECTOR = YES;
				GCC_WARN_UNINITIALIZED_AUTOS = YES_AGGRESSIVE;
				GCC_WARN_UNUSED_FUNCTION = YES;
				GCC_WARN_UNUSED_VARIABLE = YES;
				IPHONEOS_DEPLOYMENT_TARGET = 8.4;
				MTL_ENABLE_DEBUG_INFO = YES;
				ONLY_ACTIVE_ARCH = YES;
				SDKROOT = iphoneos;
				SWIFT_OPTIMIZATION_LEVEL = "-Onone";
				TARGETED_DEVICE_FAMILY = "1,2";
			};
			name = Debug;
		};
		45F1038B1C37E8B0005E0F10 /* Release */ = {
			isa = XCBuildConfiguration;
			buildSettings = {
				ALWAYS_SEARCH_USER_PATHS = NO;
				CLANG_CXX_LANGUAGE_STANDARD = "gnu++0x";
				CLANG_CXX_LIBRARY = "libc++";
				CLANG_ENABLE_MODULES = YES;
				CLANG_ENABLE_OBJC_ARC = YES;
				CLANG_WARN_BOOL_CONVERSION = YES;
				CLANG_WARN_CONSTANT_CONVERSION = YES;
				CLANG_WARN_DIRECT_OBJC_ISA_USAGE = YES_ERROR;
				CLANG_WARN_EMPTY_BODY = YES;
				CLANG_WARN_ENUM_CONVERSION = YES;
				CLANG_WARN_INT_CONVERSION = YES;
				CLANG_WARN_OBJC_ROOT_CLASS = YES_ERROR;
				CLANG_WARN_UNREACHABLE_CODE = YES;
				CLANG_WARN__DUPLICATE_METHOD_MATCH = YES;
				"CODE_SIGN_IDENTITY[sdk=iphoneos*]" = "iPhone Developer";
				COPY_PHASE_STRIP = NO;
				DEBUG_INFORMATION_FORMAT = "dwarf-with-dsym";
				ENABLE_NS_ASSERTIONS = NO;
				ENABLE_STRICT_OBJC_MSGSEND = YES;
				GCC_C_LANGUAGE_STANDARD = gnu99;
				GCC_NO_COMMON_BLOCKS = YES;
				GCC_WARN_64_TO_32_BIT_CONVERSION = YES;
				GCC_WARN_ABOUT_RETURN_TYPE = YES_ERROR;
				GCC_WARN_UNDECLARED_SELECTOR = YES;
				GCC_WARN_UNINITIALIZED_AUTOS = YES_AGGRESSIVE;
				GCC_WARN_UNUSED_FUNCTION = YES;
				GCC_WARN_UNUSED_VARIABLE = YES;
				IPHONEOS_DEPLOYMENT_TARGET = 8.4;
				MTL_ENABLE_DEBUG_INFO = NO;
				SDKROOT = iphoneos;
				TARGETED_DEVICE_FAMILY = "1,2";
				VALIDATE_PRODUCT = YES;
			};
			name = Release;
		};
		45F1038D1C37E8B0005E0F10 /* Debug */ = {
			isa = XCBuildConfiguration;
			buildSettings = {
				ASSETCATALOG_COMPILER_APPICON_NAME = AppIcon;
				FRAMEWORK_SEARCH_PATHS = (
					"$(inherited)",
					"$(PROJECT_DIR)/Carthage/Build/iOS",
				);
				INFOPLIST_FILE = "$(SRCROOT)/Example/Info.plist";
				IPHONEOS_DEPLOYMENT_TARGET = 8.4;
				LD_RUNPATH_SEARCH_PATHS = "$(inherited) @executable_path/Frameworks";
				PRODUCT_BUNDLE_IDENTIFIER = com.github.terietor.GTTableViewExample;
				PRODUCT_NAME = "$(TARGET_NAME)";
			};
			name = Debug;
		};
		45F1038E1C37E8B0005E0F10 /* Release */ = {
			isa = XCBuildConfiguration;
			buildSettings = {
				ASSETCATALOG_COMPILER_APPICON_NAME = AppIcon;
				FRAMEWORK_SEARCH_PATHS = (
					"$(inherited)",
					"$(PROJECT_DIR)/Carthage/Build/iOS",
				);
				INFOPLIST_FILE = "$(SRCROOT)/Example/Info.plist";
				IPHONEOS_DEPLOYMENT_TARGET = 8.4;
				LD_RUNPATH_SEARCH_PATHS = "$(inherited) @executable_path/Frameworks";
				PRODUCT_BUNDLE_IDENTIFIER = com.github.terietor.GTTableViewExample;
				PRODUCT_NAME = "$(TARGET_NAME)";
			};
			name = Release;
		};
/* End XCBuildConfiguration section */

/* Begin XCConfigurationList section */
		45F103751C37E8AF005E0F10 /* Build configuration list for PBXProject "GTTableViewExample" */ = {
			isa = XCConfigurationList;
			buildConfigurations = (
				45F1038A1C37E8B0005E0F10 /* Debug */,
				45F1038B1C37E8B0005E0F10 /* Release */,
			);
			defaultConfigurationIsVisible = 0;
			defaultConfigurationName = Release;
		};
		45F1038C1C37E8B0005E0F10 /* Build configuration list for PBXNativeTarget "GTTableViewExample" */ = {
			isa = XCConfigurationList;
			buildConfigurations = (
				45F1038D1C37E8B0005E0F10 /* Debug */,
				45F1038E1C37E8B0005E0F10 /* Release */,
			);
			defaultConfigurationIsVisible = 0;
			defaultConfigurationName = Release;
		};
/* End XCConfigurationList section */
	};
	rootObject = 45F103721C37E8AF005E0F10 /* Project object */;
}
